{
  "originHash" : "2e77642453c0715d2a11b18133faabc2a12bca3c2cc9995aeae28e452602c48d",
  "pins" : [
    {
      "identity" : "anchoredpopup",
      "kind" : "remoteSourceControl",
      "location" : "https://github.com/exyte/AnchoredPopup.git",
      "state" : {
        "revision" : "dfcd04d7a265808333674a7ccf001838102a391e",
        "version" : "1.1.0"
      }
    },
    {
      "identity" : "popupview",
      "kind" : "remoteSourceControl",
      "location" : "https://github.com/exyte/PopupView.git",
      "state" : {
        "revision" : "74c070e9a3b0b13735c031414e8b88f473406ab4",
        "version" : "4.2.2"
      }
    }
  ],
  "version" : 3
}
